// !$*UTF8*$!
{
	archiveVersion = 1;
	classes = {
	};
	objectVersion = 50;
	objects = {

/* Begin PBXBuildFile section */
		E620E307243C0DB400A19DD1 /* DetailView.swift in Sources */ = {isa = PBXBuildFile; fileRef = E620E306243C0DB400A19DD1 /* DetailView.swift */; };
		E620E309243C0E1900A19DD1 /* PhotoCellView.swift in Sources */ = {isa = PBXBuildFile; fileRef = E620E308243C0E1900A19DD1 /* PhotoCellView.swift */; };
		E641EDB5243AA8CB00A55499 /* AppDelegate.swift in Sources */ = {isa = PBXBuildFile; fileRef = E641EDB4243AA8CB00A55499 /* AppDelegate.swift */; };
		E641EDB7243AA8CB00A55499 /* SceneDelegate.swift in Sources */ = {isa = PBXBuildFile; fileRef = E641EDB6243AA8CB00A55499 /* SceneDelegate.swift */; };
		E641EDBA243AA8CB00A55499 /* Milestone_Project_13_15.xcdatamodeld in Sources */ = {isa = PBXBuildFile; fileRef = E641EDB8243AA8CB00A55499 /* Milestone_Project_13_15.xcdatamodeld */; };
		E641EDBC243AA8CB00A55499 /* ContentView.swift in Sources */ = {isa = PBXBuildFile; fileRef = E641EDBB243AA8CB00A55499 /* ContentView.swift */; };
		E641EDBE243AA8CD00A55499 /* Assets.xcassets in Resources */ = {isa = PBXBuildFile; fileRef = E641EDBD243AA8CD00A55499 /* Assets.xcassets */; };
		E641EDC1243AA8CD00A55499 /* Preview Assets.xcassets in Resources */ = {isa = PBXBuildFile; fileRef = E641EDC0243AA8CD00A55499 /* Preview Assets.xcassets */; };
		E641EDC4243AA8CD00A55499 /* LaunchScreen.storyboard in Resources */ = {isa = PBXBuildFile; fileRef = E641EDC2243AA8CD00A55499 /* LaunchScreen.storyboard */; };
		E641EDD8243AB27A00A55499 /* Photo+CoreDataClass.swift in Sources */ = {isa = PBXBuildFile; fileRef = E641EDD4243AB27A00A55499 /* Photo+CoreDataClass.swift */; };
		E641EDD9243AB27A00A55499 /* Photo+CoreDataProperties.swift in Sources */ = {isa = PBXBuildFile; fileRef = E641EDD5243AB27A00A55499 /* Photo+CoreDataProperties.swift */; };
		E641EDDA243AB27A00A55499 /* Person+CoreDataClass.swift in Sources */ = {isa = PBXBuildFile; fileRef = E641EDD6243AB27A00A55499 /* Person+CoreDataClass.swift */; };
		E641EDDB243AB27A00A55499 /* Person+CoreDataProperties.swift in Sources */ = {isa = PBXBuildFile; fileRef = E641EDD7243AB27A00A55499 /* Person+CoreDataProperties.swift */; };
		E6450118243D6C8900E0A1FC /* ImagePicker.swift in Sources */ = {isa = PBXBuildFile; fileRef = E6450117243D6C8900E0A1FC /* ImagePicker.swift */; };
		E645011A243D6D6A00E0A1FC /* ImageSaver.swift in Sources */ = {isa = PBXBuildFile; fileRef = E6450119243D6D6A00E0A1FC /* ImageSaver.swift */; };
		E65A7329243EB23A00F39757 /* addImageView.swift in Sources */ = {isa = PBXBuildFile; fileRef = E65A7328243EB23A00F39757 /* addImageView.swift */; };
/* End PBXBuildFile section */

/* Begin PBXFileReference section */
		E620E306243C0DB400A19DD1 /* DetailView.swift */ = {isa = PBXFileReference; lastKnownFileType = sourcecode.swift; path = DetailView.swift; sourceTree = "<group>"; };
		E620E308243C0E1900A19DD1 /* PhotoCellView.swift */ = {isa = PBXFileReference; lastKnownFileType = sourcecode.swift; path = PhotoCellView.swift; sourceTree = "<group>"; };
		E641EDB1243AA8CB00A55499 /* Milestone_Project_13-15.app */ = {isa = PBXFileReference; explicitFileType = wrapper.application; includeInIndex = 0; path = "Milestone_Project_13-15.app"; sourceTree = BUILT_PRODUCTS_DIR; };
		E641EDB4243AA8CB00A55499 /* AppDelegate.swift */ = {isa = PBXFileReference; lastKnownFileType = sourcecode.swift; path = AppDelegate.swift; sourceTree = "<group>"; };
		E641EDB6243AA8CB00A55499 /* SceneDelegate.swift */ = {isa = PBXFileReference; lastKnownFileType = sourcecode.swift; path = SceneDelegate.swift; sourceTree = "<group>"; };
		E641EDB9243AA8CB00A55499 /* Milestone_Project_13_15.xcdatamodel */ = {isa = PBXFileReference; lastKnownFileType = wrapper.xcdatamodel; path = Milestone_Project_13_15.xcdatamodel; sourceTree = "<group>"; };
		E641EDBB243AA8CB00A55499 /* ContentView.swift */ = {isa = PBXFileReference; lastKnownFileType = sourcecode.swift; path = ContentView.swift; sourceTree = "<group>"; };
		E641EDBD243AA8CD00A55499 /* Assets.xcassets */ = {isa = PBXFileReference; lastKnownFileType = folder.assetcatalog; path = Assets.xcassets; sourceTree = "<group>"; };
		E641EDC0243AA8CD00A55499 /* Preview Assets.xcassets */ = {isa = PBXFileReference; lastKnownFileType = folder.assetcatalog; path = "Preview Assets.xcassets"; sourceTree = "<group>"; };
		E641EDC3243AA8CD00A55499 /* Base */ = {isa = PBXFileReference; lastKnownFileType = file.storyboard; name = Base; path = Base.lproj/LaunchScreen.storyboard; sourceTree = "<group>"; };
		E641EDC5243AA8CD00A55499 /* Info.plist */ = {isa = PBXFileReference; lastKnownFileType = text.plist.xml; path = Info.plist; sourceTree = "<group>"; };
		E641EDD4243AB27A00A55499 /* Photo+CoreDataClass.swift */ = {isa = PBXFileReference; lastKnownFileType = sourcecode.swift; path = "Photo+CoreDataClass.swift"; sourceTree = SOURCE_ROOT; };
		E641EDD5243AB27A00A55499 /* Photo+CoreDataProperties.swift */ = {isa = PBXFileReference; lastKnownFileType = sourcecode.swift; path = "Photo+CoreDataProperties.swift"; sourceTree = SOURCE_ROOT; };
		E641EDD6243AB27A00A55499 /* Person+CoreDataClass.swift */ = {isa = PBXFileReference; lastKnownFileType = sourcecode.swift; path = "Person+CoreDataClass.swift"; sourceTree = SOURCE_ROOT; };
		E641EDD7243AB27A00A55499 /* Person+CoreDataProperties.swift */ = {isa = PBXFileReference; lastKnownFileType = sourcecode.swift; path = "Person+CoreDataProperties.swift"; sourceTree = SOURCE_ROOT; };
		E6450117243D6C8900E0A1FC /* ImagePicker.swift */ = {isa = PBXFileReference; lastKnownFileType = sourcecode.swift; path = ImagePicker.swift; sourceTree = "<group>"; };
		E6450119243D6D6A00E0A1FC /* ImageSaver.swift */ = {isa = PBXFileReference; lastKnownFileType = sourcecode.swift; path = ImageSaver.swift; sourceTree = "<group>"; };
		E65A7328243EB23A00F39757 /* addImageView.swift */ = {isa = PBXFileReference; lastKnownFileType = sourcecode.swift; path = addImageView.swift; sourceTree = "<group>"; };
/* End PBXFileReference section */

/* Begin PBXFrameworksBuildPhase section */
		E641EDAE243AA8CB00A55499 /* Frameworks */ = {
			isa = PBXFrameworksBuildPhase;
			buildActionMask = 2147483647;
			files = (
			);
			runOnlyForDeploymentPostprocessing = 0;
		};
/* End PBXFrameworksBuildPhase section */

/* Begin PBXGroup section */
		E620E305243C04A800A19DD1 /* Views */ = {
			isa = PBXGroup;
			children = (
				E641EDBB243AA8CB00A55499 /* ContentView.swift */,
				E620E306243C0DB400A19DD1 /* DetailView.swift */,
				E620E308243C0E1900A19DD1 /* PhotoCellView.swift */,
				E65A7328243EB23A00F39757 /* addImageView.swift */,
			);
			path = Views;
			sourceTree = "<group>";
		};
		E641EDA8243AA8CA00A55499 = {
			isa = PBXGroup;
			children = (
				E641EDB3243AA8CB00A55499 /* Milestone_Project_13-15 */,
				E641EDB2243AA8CB00A55499 /* Products */,
			);
			sourceTree = "<group>";
		};
		E641EDB2243AA8CB00A55499 /* Products */ = {
			isa = PBXGroup;
			children = (
				E641EDB1243AA8CB00A55499 /* Milestone_Project_13-15.app */,
			);
			name = Products;
			sourceTree = "<group>";
		};
		E641EDB3243AA8CB00A55499 /* Milestone_Project_13-15 */ = {
			isa = PBXGroup;
			children = (
				E620E305243C04A800A19DD1 /* Views */,
				E641EDD3243AAF6000A55499 /* Models */,
				E641EDB4243AA8CB00A55499 /* AppDelegate.swift */,
				E6450117243D6C8900E0A1FC /* ImagePicker.swift */,
				E6450119243D6D6A00E0A1FC /* ImageSaver.swift */,
				E641EDB6243AA8CB00A55499 /* SceneDelegate.swift */,
				E641EDBD243AA8CD00A55499 /* Assets.xcassets */,
				E641EDC2243AA8CD00A55499 /* LaunchScreen.storyboard */,
				E641EDC5243AA8CD00A55499 /* Info.plist */,
				E641EDB8243AA8CB00A55499 /* Milestone_Project_13_15.xcdatamodeld */,
				E641EDBF243AA8CD00A55499 /* Preview Content */,
			);
			path = "Milestone_Project_13-15";
			sourceTree = "<group>";
		};
		E641EDBF243AA8CD00A55499 /* Preview Content */ = {
			isa = PBXGroup;
			children = (
				E641EDC0243AA8CD00A55499 /* Preview Assets.xcassets */,
			);
			path = "Preview Content";
			sourceTree = "<group>";
		};
		E641EDD3243AAF6000A55499 /* Models */ = {
			isa = PBXGroup;
			children = (
				E641EDD4243AB27A00A55499 /* Photo+CoreDataClass.swift */,
				E641EDD5243AB27A00A55499 /* Photo+CoreDataProperties.swift */,
				E641EDD6243AB27A00A55499 /* Person+CoreDataClass.swift */,
				E641EDD7243AB27A00A55499 /* Person+CoreDataProperties.swift */,
			);
			path = Models;
			sourceTree = "<group>";
		};
/* End PBXGroup section */

/* Begin PBXNativeTarget section */
		E641EDB0243AA8CB00A55499 /* Milestone_Project_13-15 */ = {
			isa = PBXNativeTarget;
			buildConfigurationList = E641EDC8243AA8CD00A55499 /* Build configuration list for PBXNativeTarget "Milestone_Project_13-15" */;
			buildPhases = (
				E641EDAD243AA8CB00A55499 /* Sources */,
				E641EDAE243AA8CB00A55499 /* Frameworks */,
				E641EDAF243AA8CB00A55499 /* Resources */,
			);
			buildRules = (
			);
			dependencies = (
			);
			name = "Milestone_Project_13-15";
			productName = "Milestone_Project_13-15";
			productReference = E641EDB1243AA8CB00A55499 /* Milestone_Project_13-15.app */;
			productType = "com.apple.product-type.application";
		};
/* End PBXNativeTarget section */

/* Begin PBXProject section */
		E641EDA9243AA8CA00A55499 /* Project object */ = {
			isa = PBXProject;
			attributes = {
				LastSwiftUpdateCheck = 1140;
				LastUpgradeCheck = 1140;
				ORGANIZATIONNAME = "Matt Ridenhour";
				TargetAttributes = {
					E641EDB0243AA8CB00A55499 = {
						CreatedOnToolsVersion = 11.4;
					};
				};
			};
			buildConfigurationList = E641EDAC243AA8CA00A55499 /* Build configuration list for PBXProject "Milestone_Project_13-15" */;
			compatibilityVersion = "Xcode 9.3";
			developmentRegion = en;
			hasScannedForEncodings = 0;
			knownRegions = (
				en,
				Base,
			);
			mainGroup = E641EDA8243AA8CA00A55499;
			productRefGroup = E641EDB2243AA8CB00A55499 /* Products */;
			projectDirPath = "";
			projectRoot = "";
			targets = (
				E641EDB0243AA8CB00A55499 /* Milestone_Project_13-15 */,
			);
		};
/* End PBXProject section */

/* Begin PBXResourcesBuildPhase section */
		E641EDAF243AA8CB00A55499 /* Resources */ = {
			isa = PBXResourcesBuildPhase;
			buildActionMask = 2147483647;
			files = (
				E641EDC4243AA8CD00A55499 /* LaunchScreen.storyboard in Resources */,
				E641EDC1243AA8CD00A55499 /* Preview Assets.xcassets in Resources */,
				E641EDBE243AA8CD00A55499 /* Assets.xcassets in Resources */,
			);
			runOnlyForDeploymentPostprocessing = 0;
		};
/* End PBXResourcesBuildPhase section */

/* Begin PBXSourcesBuildPhase section */
		E641EDAD243AA8CB00A55499 /* Sources */ = {
			isa = PBXSourcesBuildPhase;
			buildActionMask = 2147483647;
			files = (
				E641EDD9243AB27A00A55499 /* Photo+CoreDataProperties.swift in Sources */,
				E620E307243C0DB400A19DD1 /* DetailView.swift in Sources */,
				E641EDDA243AB27A00A55499 /* Person+CoreDataClass.swift in Sources */,
				E641EDD8243AB27A00A55499 /* Photo+CoreDataClass.swift in Sources */,
				E641EDBA243AA8CB00A55499 /* Milestone_Project_13_15.xcdatamodeld in Sources */,
				E620E309243C0E1900A19DD1 /* PhotoCellView.swift in Sources */,
				E65A7329243EB23A00F39757 /* addImageView.swift in Sources */,
				E641EDDB243AB27A00A55499 /* Person+CoreDataProperties.swift in Sources */,
				E645011A243D6D6A00E0A1FC /* ImageSaver.swift in Sources */,
				E6450118243D6C8900E0A1FC /* ImagePicker.swift in Sources */,
				E641EDB5243AA8CB00A55499 /* AppDelegate.swift in Sources */,
				E641EDBC243AA8CB00A55499 /* ContentView.swift in Sources */,
				E641EDB7243AA8CB00A55499 /* SceneDelegate.swift in Sources */,
			);
			runOnlyForDeploymentPostprocessing = 0;
		};
/* End PBXSourcesBuildPhase section */

/* Begin PBXVariantGroup section */
		E641EDC2243AA8CD00A55499 /* LaunchScreen.storyboard */ = {
			isa = PBXVariantGroup;
			children = (
				E641EDC3243AA8CD00A55499 /* Base */,
			);
			name = LaunchScreen.storyboard;
			sourceTree = "<group>";
		};
/* End PBXVariantGroup section */

/* Begin XCBuildConfiguration section */
		E641EDC6243AA8CD00A55499 /* Debug */ = {
			isa = XCBuildConfiguration;
			buildSettings = {
				ALWAYS_SEARCH_USER_PATHS = NO;
				CLANG_ANALYZER_NONNULL = YES;
				CLANG_ANALYZER_NUMBER_OBJECT_CONVERSION = YES_AGGRESSIVE;
				CLANG_CXX_LANGUAGE_STANDARD = "gnu++14";
				CLANG_CXX_LIBRARY = "libc++";
				CLANG_ENABLE_MODULES = YES;
				CLANG_ENABLE_OBJC_ARC = YES;
				CLANG_ENABLE_OBJC_WEAK = YES;
				CLANG_WARN_BLOCK_CAPTURE_AUTORELEASING = YES;
				CLANG_WARN_BOOL_CONVERSION = YES;
				CLANG_WARN_COMMA = YES;
				CLANG_WARN_CONSTANT_CONVERSION = YES;
				CLANG_WARN_DEPRECATED_OBJC_IMPLEMENTATIONS = YES;
				CLANG_WARN_DIRECT_OBJC_ISA_USAGE = YES_ERROR;
				CLANG_WARN_DOCUMENTATION_COMMENTS = YES;
				CLANG_WARN_EMPTY_BODY = YES;
				CLANG_WARN_ENUM_CONVERSION = YES;
				CLANG_WARN_INFINITE_RECURSION = YES;
				CLANG_WARN_INT_CONVERSION = YES;
				CLANG_WARN_NON_LITERAL_NULL_CONVERSION = YES;
				CLANG_WARN_OBJC_IMPLICIT_RETAIN_SELF = YES;
				CLANG_WARN_OBJC_LITERAL_CONVERSION = YES;
				CLANG_WARN_OBJC_ROOT_CLASS = YES_ERROR;
				CLANG_WARN_RANGE_LOOP_ANALYSIS = YES;
				CLANG_WARN_STRICT_PROTOTYPES = YES;
				CLANG_WARN_SUSPICIOUS_MOVE = YES;
				CLANG_WARN_UNGUARDED_AVAILABILITY = YES_AGGRESSIVE;
				CLANG_WARN_UNREACHABLE_CODE = YES;
				CLANG_WARN__DUPLICATE_METHOD_MATCH = YES;
				COPY_PHASE_STRIP = NO;
				DEBUG_INFORMATION_FORMAT = dwarf;
				ENABLE_STRICT_OBJC_MSGSEND = YES;
				ENABLE_TESTABILITY = YES;
				GCC_C_LANGUAGE_STANDARD = gnu11;
				GCC_DYNAMIC_NO_PIC = NO;
				GCC_NO_COMMON_BLOCKS = YES;
				GCC_OPTIMIZATION_LEVEL = 0;
				GCC_PREPROCESSOR_DEFINITIONS = (
					"DEBUG=1",
					"$(inherited)",
				);
				GCC_WARN_64_TO_32_BIT_CONVERSION = YES;
				GCC_WARN_ABOUT_RETURN_TYPE = YES_ERROR;
				GCC_WARN_UNDECLARED_SELECTOR = YES;
				GCC_WARN_UNINITIALIZED_AUTOS = YES_AGGRESSIVE;
				GCC_WARN_UNUSED_FUNCTION = YES;
				GCC_WARN_UNUSED_VARIABLE = YES;
				IPHONEOS_DEPLOYMENT_TARGET = 13.4;
				MTL_ENABLE_DEBUG_INFO = INCLUDE_SOURCE;
				MTL_FAST_MATH = YES;
				ONLY_ACTIVE_ARCH = YES;
				SDKROOT = iphoneos;
				SWIFT_ACTIVE_COMPILATION_CONDITIONS = DEBUG;
				SWIFT_OPTIMIZATION_LEVEL = "-Onone";
			};
			name = Debug;
		};
		E641EDC7243AA8CD00A55499 /* Release */ = {
			isa = XCBuildConfiguration;
			buildSettings = {
				ALWAYS_SEARCH_USER_PATHS = NO;
				CLANG_ANALYZER_NONNULL = YES;
				CLANG_ANALYZER_NUMBER_OBJECT_CONVERSION = YES_AGGRESSIVE;
				CLANG_CXX_LANGUAGE_STANDARD = "gnu++14";
				CLANG_CXX_LIBRARY = "libc++";
				CLANG_ENABLE_MODULES = YES;
				CLANG_ENABLE_OBJC_ARC = YES;
				CLANG_ENABLE_OBJC_WEAK = YES;
				CLANG_WARN_BLOCK_CAPTURE_AUTORELEASING = YES;
				CLANG_WARN_BOOL_CONVERSION = YES;
				CLANG_WARN_COMMA = YES;
				CLANG_WARN_CONSTANT_CONVERSION = YES;
				CLANG_WARN_DEPRECATED_OBJC_IMPLEMENTATIONS = YES;
				CLANG_WARN_DIRECT_OBJC_ISA_USAGE = YES_ERROR;
				CLANG_WARN_DOCUMENTATION_COMMENTS = YES;
				CLANG_WARN_EMPTY_BODY = YES;
				CLANG_WARN_ENUM_CONVERSION = YES;
				CLANG_WARN_INFINITE_RECURSION = YES;
				CLANG_WARN_INT_CONVERSION = YES;
				CLANG_WARN_NON_LITERAL_NULL_CONVERSION = YES;
				CLANG_WARN_OBJC_IMPLICIT_RETAIN_SELF = YES;
				CLANG_WARN_OBJC_LITERAL_CONVERSION = YES;
				CLANG_WARN_OBJC_ROOT_CLASS = YES_ERROR;
				CLANG_WARN_RANGE_LOOP_ANALYSIS = YES;
				CLANG_WARN_STRICT_PROTOTYPES = YES;
				CLANG_WARN_SUSPICIOUS_MOVE = YES;
				CLANG_WARN_UNGUARDED_AVAILABILITY = YES_AGGRESSIVE;
				CLANG_WARN_UNREACHABLE_CODE = YES;
				CLANG_WARN__DUPLICATE_METHOD_MATCH = YES;
				COPY_PHASE_STRIP = NO;
				DEBUG_INFORMATION_FORMAT = "dwarf-with-dsym";
				ENABLE_NS_ASSERTIONS = NO;
				ENABLE_STRICT_OBJC_MSGSEND = YES;
				GCC_C_LANGUAGE_STANDARD = gnu11;
				GCC_NO_COMMON_BLOCKS = YES;
				GCC_WARN_64_TO_32_BIT_CONVERSION = YES;
				GCC_WARN_ABOUT_RETURN_TYPE = YES_ERROR;
				GCC_WARN_UNDECLARED_SELECTOR = YES;
				GCC_WARN_UNINITIALIZED_AUTOS = YES_AGGRESSIVE;
				GCC_WARN_UNUSED_FUNCTION = YES;
				GCC_WARN_UNUSED_VARIABLE = YES;
				IPHONEOS_DEPLOYMENT_TARGET = 13.4;
				MTL_ENABLE_DEBUG_INFO = NO;
				MTL_FAST_MATH = YES;
				SDKROOT = iphoneos;
				SWIFT_COMPILATION_MODE = wholemodule;
				SWIFT_OPTIMIZATION_LEVEL = "-O";
				VALIDATE_PRODUCT = YES;
			};
			name = Release;
		};
		E641EDC9243AA8CD00A55499 /* Debug */ = {
			isa = XCBuildConfiguration;
			buildSettings = {
				ASSETCATALOG_COMPILER_APPICON_NAME = AppIcon;
				CODE_SIGN_STYLE = Automatic;
				DEVELOPMENT_ASSET_PATHS = "\"Milestone_Project_13-15/Preview Content\"";
				DEVELOPMENT_TEAM = PN83CPLDMD;
				ENABLE_PREVIEWS = YES;
				INFOPLIST_FILE = "Milestone_Project_13-15/Info.plist";
				LD_RUNPATH_SEARCH_PATHS = (
					"$(inherited)",
					"@executable_path/Frameworks",
				);
				PRODUCT_BUNDLE_IDENTIFIER = "com.example.Milestone-Project-13-15";
				PRODUCT_NAME = "$(TARGET_NAME)";
				SWIFT_VERSION = 5.0;
				TARGETED_DEVICE_FAMILY = "1,2";
			};
			name = Debug;
		};
		E641EDCA243AA8CD00A55499 /* Release */ = {
			isa = XCBuildConfiguration;
			buildSettings = {
				ASSETCATALOG_COMPILER_APPICON_NAME = AppIcon;
				CODE_SIGN_STYLE = Automatic;
				DEVELOPMENT_ASSET_PATHS = "\"Milestone_Project_13-15/Preview Content\"";
				DEVELOPMENT_TEAM = PN83CPLDMD;
				ENABLE_PREVIEWS = YES;
				INFOPLIST_FILE = "Milestone_Project_13-15/Info.plist";
				LD_RUNPATH_SEARCH_PATHS = (
					"$(inherited)",
					"@executable_path/Frameworks",
				);
				PRODUCT_BUNDLE_IDENTIFIER = "com.example.Milestone-Project-13-15";
				PRODUCT_NAME = "$(TARGET_NAME)";
				SWIFT_VERSION = 5.0;
				TARGETED_DEVICE_FAMILY = "1,2";
			};
			name = Release;
		};
/* End XCBuildConfiguration section */

/* Begin XCConfigurationList section */
		E641EDAC243AA8CA00A55499 /* Build configuration list for PBXProject "Milestone_Project_13-15" */ = {
			isa = XCConfigurationList;
			buildConfigurations = (
				E641EDC6243AA8CD00A55499 /* Debug */,
				E641EDC7243AA8CD00A55499 /* Release */,
			);
			defaultConfigurationIsVisible = 0;
			defaultConfigurationName = Release;
		};
		E641EDC8243AA8CD00A55499 /* Build configuration list for PBXNativeTarget "Milestone_Project_13-15" */ = {
			isa = XCConfigurationList;
			buildConfigurations = (
				E641EDC9243AA8CD00A55499 /* Debug */,
				E641EDCA243AA8CD00A55499 /* Release */,
			);
			defaultConfigurationIsVisible = 0;
			defaultConfigurationName = Release;
		};
/* End XCConfigurationList section */

/* Begin XCVersionGroup section */
		E641EDB8243AA8CB00A55499 /* Milestone_Project_13_15.xcdatamodeld */ = {
			isa = XCVersionGroup;
			children = (
				E641EDB9243AA8CB00A55499 /* Milestone_Project_13_15.xcdatamodel */,
			);
			currentVersion = E641EDB9243AA8CB00A55499 /* Milestone_Project_13_15.xcdatamodel */;
			path = Milestone_Project_13_15.xcdatamodeld;
			sourceTree = "<group>";
			versionGroupType = wrapper.xcdatamodel;
		};
/* End XCVersionGroup section */
	};
	rootObject = E641EDA9243AA8CA00A55499 /* Project object */;
}
